
Microsoft Visual Studio Solution File, Format Version 9.00
# Visual Studio 2005
Project("{8BC9CEB8-8B4A-11D0-8D11-00A0C91BC942}") = "LspInst", "..\src\LspInst\LspInst.vcproj", "{C2C6E9BD-0138-432A-A3A8-3B17D98F3350}"
EndProject
Project("{8BC9CEB8-8B4A-11D0-8D11-00A0C91BC942}") = "TinyLsp", "..\src\TinyLsp\TinyLsp.vcproj", "{145371F4-5AEB-4B84-881F-514EA8EBF9CA}"
EndProject
Global
	GlobalSection(SolutionConfigurationPlatforms) = preSolution
		Debug|Win32 = Debug|Win32
		Debug|x64 = Debug|x64
		Release|Win32 = Release|Win32
		Release|x64 = Release|x64
	EndGlobalSection
	GlobalSection(ProjectConfigurationPlatforms) = postSolution
		{C2C6E9BD-0138-432A-A3A8-3B17D98F3350}.Debug|Win32.ActiveCfg = Debug|Win32
		{C2C6E9BD-0138-432A-A3A8-3B17D98F3350}.Debug|Win32.Build.0 = Debug|Win32
		{C2C6E9BD-0138-432A-A3A8-3B17D98F3350}.Debug|x64.ActiveCfg = Debug|x64
		{C2C6E9BD-0138-432A-A3A8-3B17D98F3350}.Debug|x64.Build.0 = Debug|x64
		{C2C6E9BD-0138-432A-A3A8-3B17D98F3350}.Release|Win32.ActiveCfg = Release|Win32
		{C2C6E9BD-0138-432A-A3A8-3B17D98F3350}.Release|Win32.Build.0 = Release|Win32
		{C2C6E9BD-0138-432A-A3A8-3B17D98F3350}.Release|x64.ActiveCfg = Release|x64
		{C2C6E9BD-0138-432A-A3A8-3B17D98F3350}.Release|x64.Build.0 = Release|x64
		{145371F4-5AEB-4B84-881F-514EA8EBF9CA}.Debug|Win32.ActiveCfg = Debug|Win32
		{145371F4-5AEB-4B84-881F-514EA8EBF9CA}.Debug|Win32.Build.0 = Debug|Win32
		{145371F4-5AEB-4B84-881F-514EA8EBF9CA}.Debug|x64.ActiveCfg = Debug|x64
		{145371F4-5AEB-4B84-881F-514EA8EBF9CA}.Debug|x64.Build.0 = Debug|x64
		{145371F4-5AEB-4B84-881F-514EA8EBF9CA}.Release|Win32.ActiveCfg = Release|Win32
		{145371F4-5AEB-4B84-881F-514EA8EBF9CA}.Release|Win32.Build.0 = Release|Win32
		{145371F4-5AEB-4B84-881F-514EA8EBF9CA}.Release|x64.ActiveCfg = Release|x64
		{145371F4-5AEB-4B84-881F-514EA8EBF9CA}.Release|x64.Build.0 = Release|x64
	EndGlobalSection
	GlobalSection(SolutionProperties) = preSolution
		HideSolutionNode = FALSE
	EndGlobalSection
EndGlobal
